
Microsoft Visual Studio Solution File, Format Version 12.00
# Visual Studio Version 16
VisualStudioVersion = 16.0.30621.155
MinimumVisualStudioVersion = 10.0.40219.1
Project("{8BC9CEB8-8B4A-11D0-8D11-00A0C91BC942}") = "24", "24\24.vcxproj", "{E6E95E03-BA1B-484B-A95C-9C50AEA830CE}"
EndProject
Global
	GlobalSection(SolutionConfigurationPlatforms) = preSolution
		Debug|x64 = Debug|x64
		Debug|x86 = Debug|x86
		Release|x64 = Release|x64
		Release|x86 = Release|x86
	EndGlobalSection
	GlobalSection(ProjectConfigurationPlatforms) = postSolution
		{E6E95E03-BA1B-484B-A95C-9C50AEA830CE}.Debug|x64.ActiveCfg = Debug|x64
		{E6E95E03-BA1B-484B-A95C-9C50AEA830CE}.Debug|x64.Build.0 = Debug|x64
		{E6E95E03-BA1B-484B-A95C-9C50AEA830CE}.Debug|x86.ActiveCfg = Debug|Win32
		{E6E95E03-BA1B-484B-A95C-9C50AEA830CE}.Debug|x86.Build.0 = Debug|Win32
		{E6E95E03-BA1B-484B-A95C-9C50AEA830CE}.Release|x64.ActiveCfg = Release|x64
		{E6E95E03-BA1B-484B-A95C-9C50AEA830CE}.Release|x64.Build.0 = Release|x64
		{E6E95E03-BA1B-484B-A95C-9C50AEA830CE}.Release|x86.ActiveCfg = Release|Win32
		{E6E95E03-BA1B-484B-A95C-9C50AEA830CE}.Release|x86.Build.0 = Release|Win32
	EndGlobalSection
	GlobalSection(SolutionProperties) = preSolution
		HideSolutionNode = FALSE
	EndGlobalSection
	GlobalSection(ExtensibilityGlobals) = postSolution
		SolutionGuid = {B0EF56B6-5FAB-4343-BA25-6AE1D11375E5}
	EndGlobalSection
EndGlobal
